// !$*UTF8*$!
{
	archiveVersion = 1;
	classes = {
	};
	objectVersion = 46;
	objects = {

/* Begin PBXBuildFile section */
		D3B645441EBCDE34005079F7 /* AppDelegate.swift in Sources */ = {isa = PBXBuildFile; fileRef = D3B645431EBCDE34005079F7 /* AppDelegate.swift */; };
		D3B645461EBCDE34005079F7 /* ViewController.swift in Sources */ = {isa = PBXBuildFile; fileRef = D3B645451EBCDE34005079F7 /* ViewController.swift */; };
		D3B645491EBCDE34005079F7 /* Main.storyboard in Resources */ = {isa = PBXBuildFile; fileRef = D3B645471EBCDE34005079F7 /* Main.storyboard */; };
		D3B6454B1EBCDE34005079F7 /* Assets.xcassets in Resources */ = {isa = PBXBuildFile; fileRef = D3B6454A1EBCDE34005079F7 /* Assets.xcassets */; };
		D3B6454E1EBCDE34005079F7 /* LaunchScreen.storyboard in Resources */ = {isa = PBXBuildFile; fileRef = D3B6454C1EBCDE34005079F7 /* LaunchScreen.storyboard */; };
		D3B645591EBCDE34005079F7 /* DestroyTheWorldTests.swift in Sources */ = {isa = PBXBuildFile; fileRef = D3B645581EBCDE34005079F7 /* DestroyTheWorldTests.swift */; };
		D3B645641EBCDE34005079F7 /* DestroyTheWorldUITests.swift in Sources */ = {isa = PBXBuildFile; fileRef = D3B645631EBCDE34005079F7 /* DestroyTheWorldUITests.swift */; };
/* End PBXBuildFile section */

/* Begin PBXContainerItemProxy section */
		D3B645551EBCDE34005079F7 /* PBXContainerItemProxy */ = {
			isa = PBXContainerItemProxy;
			containerPortal = D3B645381EBCDE34005079F7 /* Project object */;
			proxyType = 1;
			remoteGlobalIDString = D3B6453F1EBCDE34005079F7;
			remoteInfo = DestroyTheWorld;
		};
		D3B645601EBCDE34005079F7 /* PBXContainerItemProxy */ = {
			isa = PBXContainerItemProxy;
			containerPortal = D3B645381EBCDE34005079F7 /* Project object */;
			proxyType = 1;
			remoteGlobalIDString = D3B6453F1EBCDE34005079F7;
			remoteInfo = DestroyTheWorld;
		};
/* End PBXContainerItemProxy section */

/* Begin PBXFileReference section */
		D3B645401EBCDE34005079F7 /* DestroyTheWorld.app */ = {isa = PBXFileReference; explicitFileType = wrapper.application; includeInIndex = 0; path = DestroyTheWorld.app; sourceTree = BUILT_PRODUCTS_DIR; };
		D3B645431EBCDE34005079F7 /* AppDelegate.swift */ = {isa = PBXFileReference; lastKnownFileType = sourcecode.swift; path = AppDelegate.swift; sourceTree = "<group>"; };
		D3B645451EBCDE34005079F7 /* ViewController.swift */ = {isa = PBXFileReference; lastKnownFileType = sourcecode.swift; path = ViewController.swift; sourceTree = "<group>"; };
		D3B645481EBCDE34005079F7 /* Base */ = {isa = PBXFileReference; lastKnownFileType = file.storyboard; name = Base; path = Base.lproj/Main.storyboard; sourceTree = "<group>"; };
		D3B6454A1EBCDE34005079F7 /* Assets.xcassets */ = {isa = PBXFileReference; lastKnownFileType = folder.assetcatalog; path = Assets.xcassets; sourceTree = "<group>"; };
		D3B6454D1EBCDE34005079F7 /* Base */ = {isa = PBXFileReference; lastKnownFileType = file.storyboard; name = Base; path = Base.lproj/LaunchScreen.storyboard; sourceTree = "<group>"; };
		D3B6454F1EBCDE34005079F7 /* Info.plist */ = {isa = PBXFileReference; lastKnownFileType = text.plist.xml; path = Info.plist; sourceTree = "<group>"; };
		D3B645541EBCDE34005079F7 /* DestroyTheWorldTests.xctest */ = {isa = PBXFileReference; explicitFileType = wrapper.cfbundle; includeInIndex = 0; path = DestroyTheWorldTests.xctest; sourceTree = BUILT_PRODUCTS_DIR; };
		D3B645581EBCDE34005079F7 /* DestroyTheWorldTests.swift */ = {isa = PBXFileReference; lastKnownFileType = sourcecode.swift; path = DestroyTheWorldTests.swift; sourceTree = "<group>"; };
		D3B6455A1EBCDE34005079F7 /* Info.plist */ = {isa = PBXFileReference; lastKnownFileType = text.plist.xml; path = Info.plist; sourceTree = "<group>"; };
		D3B6455F1EBCDE34005079F7 /* DestroyTheWorldUITests.xctest */ = {isa = PBXFileReference; explicitFileType = wrapper.cfbundle; includeInIndex = 0; path = DestroyTheWorldUITests.xctest; sourceTree = BUILT_PRODUCTS_DIR; };
		D3B645631EBCDE34005079F7 /* DestroyTheWorldUITests.swift */ = {isa = PBXFileReference; lastKnownFileType = sourcecode.swift; path = DestroyTheWorldUITests.swift; sourceTree = "<group>"; };
		D3B645651EBCDE34005079F7 /* Info.plist */ = {isa = PBXFileReference; lastKnownFileType = text.plist.xml; path = Info.plist; sourceTree = "<group>"; };
/* End PBXFileReference section */

/* Begin PBXFrameworksBuildPhase section */
		D3B6453D1EBCDE34005079F7 /* Frameworks */ = {
			isa = PBXFrameworksBuildPhase;
			buildActionMask = 2147483647;
			files = (
			);
			runOnlyForDeploymentPostprocessing = 0;
		};
		D3B645511EBCDE34005079F7 /* Frameworks */ = {
			isa = PBXFrameworksBuildPhase;
			buildActionMask = 2147483647;
			files = (
			);
			runOnlyForDeploymentPostprocessing = 0;
		};
		D3B6455C1EBCDE34005079F7 /* Frameworks */ = {
			isa = PBXFrameworksBuildPhase;
			buildActionMask = 2147483647;
			files = (
			);
			runOnlyForDeploymentPostprocessing = 0;
		};
/* End PBXFrameworksBuildPhase section */

/* Begin PBXGroup section */
		D3B645371EBCDE34005079F7 = {
			isa = PBXGroup;
			children = (
				D3B645421EBCDE34005079F7 /* DestroyTheWorld */,
				D3B645571EBCDE34005079F7 /* DestroyTheWorldTests */,
				D3B645621EBCDE34005079F7 /* DestroyTheWorldUITests */,
				D3B645411EBCDE34005079F7 /* Products */,
			);
			sourceTree = "<group>";
		};
		D3B645411EBCDE34005079F7 /* Products */ = {
			isa = PBXGroup;
			children = (
				D3B645401EBCDE34005079F7 /* DestroyTheWorld.app */,
				D3B645541EBCDE34005079F7 /* DestroyTheWorldTests.xctest */,
				D3B6455F1EBCDE34005079F7 /* DestroyTheWorldUITests.xctest */,
			);
			name = Products;
			sourceTree = "<group>";
		};
		D3B645421EBCDE34005079F7 /* DestroyTheWorld */ = {
			isa = PBXGroup;
			children = (
				D3B645431EBCDE34005079F7 /* AppDelegate.swift */,
				D3B645451EBCDE34005079F7 /* ViewController.swift */,
				D3B645471EBCDE34005079F7 /* Main.storyboard */,
				D3B6454A1EBCDE34005079F7 /* Assets.xcassets */,
				D3B6454C1EBCDE34005079F7 /* LaunchScreen.storyboard */,
				D3B6454F1EBCDE34005079F7 /* Info.plist */,
			);
			path = DestroyTheWorld;
			sourceTree = "<group>";
		};
		D3B645571EBCDE34005079F7 /* DestroyTheWorldTests */ = {
			isa = PBXGroup;
			children = (
				D3B645581EBCDE34005079F7 /* DestroyTheWorldTests.swift */,
				D3B6455A1EBCDE34005079F7 /* Info.plist */,
			);
			path = DestroyTheWorldTests;
			sourceTree = "<group>";
		};
		D3B645621EBCDE34005079F7 /* DestroyTheWorldUITests */ = {
			isa = PBXGroup;
			children = (
				D3B645631EBCDE34005079F7 /* DestroyTheWorldUITests.swift */,
				D3B645651EBCDE34005079F7 /* Info.plist */,
			);
			path = DestroyTheWorldUITests;
			sourceTree = "<group>";
		};
/* End PBXGroup section */

/* Begin PBXNativeTarget section */
		D3B6453F1EBCDE34005079F7 /* DestroyTheWorld */ = {
			isa = PBXNativeTarget;
			buildConfigurationList = D3B645681EBCDE34005079F7 /* Build configuration list for PBXNativeTarget "DestroyTheWorld" */;
			buildPhases = (
				D3B6453C1EBCDE34005079F7 /* Sources */,
				D3B6453D1EBCDE34005079F7 /* Frameworks */,
				D3B6453E1EBCDE34005079F7 /* Resources */,
			);
			buildRules = (
			);
			dependencies = (
			);
			name = DestroyTheWorld;
			productName = DestroyTheWorld;
			productReference = D3B645401EBCDE34005079F7 /* DestroyTheWorld.app */;
			productType = "com.apple.product-type.application";
		};
		D3B645531EBCDE34005079F7 /* DestroyTheWorldTests */ = {
			isa = PBXNativeTarget;
			buildConfigurationList = D3B6456B1EBCDE34005079F7 /* Build configuration list for PBXNativeTarget "DestroyTheWorldTests" */;
			buildPhases = (
				D3B645501EBCDE34005079F7 /* Sources */,
				D3B645511EBCDE34005079F7 /* Frameworks */,
				D3B645521EBCDE34005079F7 /* Resources */,
			);
			buildRules = (
			);
			dependencies = (
				D3B645561EBCDE34005079F7 /* PBXTargetDependency */,
			);
			name = DestroyTheWorldTests;
			productName = DestroyTheWorldTests;
			productReference = D3B645541EBCDE34005079F7 /* DestroyTheWorldTests.xctest */;
			productType = "com.apple.product-type.bundle.unit-test";
		};
		D3B6455E1EBCDE34005079F7 /* DestroyTheWorldUITests */ = {
			isa = PBXNativeTarget;
			buildConfigurationList = D3B6456E1EBCDE34005079F7 /* Build configuration list for PBXNativeTarget "DestroyTheWorldUITests" */;
			buildPhases = (
				D3B6455B1EBCDE34005079F7 /* Sources */,
				D3B6455C1EBCDE34005079F7 /* Frameworks */,
				D3B6455D1EBCDE34005079F7 /* Resources */,
			);
			buildRules = (
			);
			dependencies = (
				D3B645611EBCDE34005079F7 /* PBXTargetDependency */,
			);
			name = DestroyTheWorldUITests;
			productName = DestroyTheWorldUITests;
			productReference = D3B6455F1EBCDE34005079F7 /* DestroyTheWorldUITests.xctest */;
			productType = "com.apple.product-type.bundle.ui-testing";
		};
/* End PBXNativeTarget section */

/* Begin PBXProject section */
		D3B645381EBCDE34005079F7 /* Project object */ = {
			isa = PBXProject;
			attributes = {
				LastSwiftUpdateCheck = 0830;
				LastUpgradeCheck = 0830;
				ORGANIZATIONNAME = "Jimmy Espinosa";
				TargetAttributes = {
					D3B6453F1EBCDE34005079F7 = {
						CreatedOnToolsVersion = 8.3.2;
						ProvisioningStyle = Automatic;
					};
					D3B645531EBCDE34005079F7 = {
						CreatedOnToolsVersion = 8.3.2;
						ProvisioningStyle = Automatic;
						TestTargetID = D3B6453F1EBCDE34005079F7;
					};
					D3B6455E1EBCDE34005079F7 = {
						CreatedOnToolsVersion = 8.3.2;
						ProvisioningStyle = Automatic;
						TestTargetID = D3B6453F1EBCDE34005079F7;
					};
				};
			};
			buildConfigurationList = D3B6453B1EBCDE34005079F7 /* Build configuration list for PBXProject "DestroyTheWorld" */;
			compatibilityVersion = "Xcode 3.2";
			developmentRegion = English;
			hasScannedForEncodings = 0;
			knownRegions = (
				en,
				Base,
			);
			mainGroup = D3B645371EBCDE34005079F7;
			productRefGroup = D3B645411EBCDE34005079F7 /* Products */;
			projectDirPath = "";
			projectRoot = "";
			targets = (
				D3B6453F1EBCDE34005079F7 /* DestroyTheWorld */,
				D3B645531EBCDE34005079F7 /* DestroyTheWorldTests */,
				D3B6455E1EBCDE34005079F7 /* DestroyTheWorldUITests */,
			);
		};
/* End PBXProject section */

/* Begin PBXResourcesBuildPhase section */
		D3B6453E1EBCDE34005079F7 /* Resources */ = {
			isa = PBXResourcesBuildPhase;
			buildActionMask = 2147483647;
			files = (
				D3B6454E1EBCDE34005079F7 /* LaunchScreen.storyboard in Resources */,
				D3B6454B1EBCDE34005079F7 /* Assets.xcassets in Resources */,
				D3B645491EBCDE34005079F7 /* Main.storyboard in Resources */,
			);
			runOnlyForDeploymentPostprocessing = 0;
		};
		D3B645521EBCDE34005079F7 /* Resources */ = {
			isa = PBXResourcesBuildPhase;
			buildActionMask = 2147483647;
			files = (
			);
			runOnlyForDeploymentPostprocessing = 0;
		};
		D3B6455D1EBCDE34005079F7 /* Resources */ = {
			isa = PBXResourcesBuildPhase;
			buildActionMask = 2147483647;
			files = (
			);
			runOnlyForDeploymentPostprocessing = 0;
		};
/* End PBXResourcesBuildPhase section */

/* Begin PBXSourcesBuildPhase section */
		D3B6453C1EBCDE34005079F7 /* Sources */ = {
			isa = PBXSourcesBuildPhase;
			buildActionMask = 2147483647;
			files = (
				D3B645461EBCDE34005079F7 /* ViewController.swift in Sources */,
				D3B645441EBCDE34005079F7 /* AppDelegate.swift in Sources */,
			);
			runOnlyForDeploymentPostprocessing = 0;
		};
		D3B645501EBCDE34005079F7 /* Sources */ = {
			isa = PBXSourcesBuildPhase;
			buildActionMask = 2147483647;
			files = (
				D3B645591EBCDE34005079F7 /* DestroyTheWorldTests.swift in Sources */,
			);
			runOnlyForDeploymentPostprocessing = 0;
		};
		D3B6455B1EBCDE34005079F7 /* Sources */ = {
			isa = PBXSourcesBuildPhase;
			buildActionMask = 2147483647;
			files = (
				D3B645641EBCDE34005079F7 /* DestroyTheWorldUITests.swift in Sources */,
			);
			runOnlyForDeploymentPostprocessing = 0;
		};
/* End PBXSourcesBuildPhase section */

/* Begin PBXTargetDependency section */
		D3B645561EBCDE34005079F7 /* PBXTargetDependency */ = {
			isa = PBXTargetDependency;
			target = D3B6453F1EBCDE34005079F7 /* DestroyTheWorld */;
			targetProxy = D3B645551EBCDE34005079F7 /* PBXContainerItemProxy */;
		};
		D3B645611EBCDE34005079F7 /* PBXTargetDependency */ = {
			isa = PBXTargetDependency;
			target = D3B6453F1EBCDE34005079F7 /* DestroyTheWorld */;
			targetProxy = D3B645601EBCDE34005079F7 /* PBXContainerItemProxy */;
		};
/* End PBXTargetDependency section */

/* Begin PBXVariantGroup section */
		D3B645471EBCDE34005079F7 /* Main.storyboard */ = {
			isa = PBXVariantGroup;
			children = (
				D3B645481EBCDE34005079F7 /* Base */,
			);
			name = Main.storyboard;
			sourceTree = "<group>";
		};
		D3B6454C1EBCDE34005079F7 /* LaunchScreen.storyboard */ = {
			isa = PBXVariantGroup;
			children = (
				D3B6454D1EBCDE34005079F7 /* Base */,
			);
			name = LaunchScreen.storyboard;
			sourceTree = "<group>";
		};
/* End PBXVariantGroup section */

/* Begin XCBuildConfiguration section */
		D3B645661EBCDE34005079F7 /* Debug */ = {
			isa = XCBuildConfiguration;
			buildSettings = {
				ALWAYS_SEARCH_USER_PATHS = NO;
				CLANG_ANALYZER_NONNULL = YES;
				CLANG_ANALYZER_NUMBER_OBJECT_CONVERSION = YES_AGGRESSIVE;
				CLANG_CXX_LANGUAGE_STANDARD = "gnu++0x";
				CLANG_CXX_LIBRARY = "libc++";
				CLANG_ENABLE_MODULES = YES;
				CLANG_ENABLE_OBJC_ARC = YES;
				CLANG_WARN_BOOL_CONVERSION = YES;
				CLANG_WARN_CONSTANT_CONVERSION = YES;
				CLANG_WARN_DIRECT_OBJC_ISA_USAGE = YES_ERROR;
				CLANG_WARN_DOCUMENTATION_COMMENTS = YES;
				CLANG_WARN_EMPTY_BODY = YES;
				CLANG_WARN_ENUM_CONVERSION = YES;
				CLANG_WARN_INFINITE_RECURSION = YES;
				CLANG_WARN_INT_CONVERSION = YES;
				CLANG_WARN_OBJC_ROOT_CLASS = YES_ERROR;
				CLANG_WARN_SUSPICIOUS_MOVE = YES;
				CLANG_WARN_UNREACHABLE_CODE = YES;
				CLANG_WARN__DUPLICATE_METHOD_MATCH = YES;
				"CODE_SIGN_IDENTITY[sdk=iphoneos*]" = "iPhone Developer";
				COPY_PHASE_STRIP = NO;
				DEBUG_INFORMATION_FORMAT = dwarf;
				ENABLE_STRICT_OBJC_MSGSEND = YES;
				ENABLE_TESTABILITY = YES;
				GCC_C_LANGUAGE_STANDARD = gnu99;
				GCC_DYNAMIC_NO_PIC = NO;
				GCC_NO_COMMON_BLOCKS = YES;
				GCC_OPTIMIZATION_LEVEL = 0;
				GCC_PREPROCESSOR_DEFINITIONS = (
					"DEBUG=1",
					"$(inherited)",
				);
				GCC_WARN_64_TO_32_BIT_CONVERSION = YES;
				GCC_WARN_ABOUT_RETURN_TYPE = YES_ERROR;
				GCC_WARN_UNDECLARED_SELECTOR = YES;
				GCC_WARN_UNINITIALIZED_AUTOS = YES_AGGRESSIVE;
				GCC_WARN_UNUSED_FUNCTION = YES;
				GCC_WARN_UNUSED_VARIABLE = YES;
				IPHONEOS_DEPLOYMENT_TARGET = 10.3;
				MTL_ENABLE_DEBUG_INFO = YES;
				ONLY_ACTIVE_ARCH = YES;
				SDKROOT = iphoneos;
				SWIFT_ACTIVE_COMPILATION_CONDITIONS = DEBUG;
				SWIFT_OPTIMIZATION_LEVEL = "-Onone";
				TARGETED_DEVICE_FAMILY = "1,2";
			};
			name = Debug;
		};
		D3B645671EBCDE34005079F7 /* Release */ = {
			isa = XCBuildConfiguration;
			buildSettings = {
				ALWAYS_SEARCH_USER_PATHS = NO;
				CLANG_ANALYZER_NONNULL = YES;
				CLANG_ANALYZER_NUMBER_OBJECT_CONVERSION = YES_AGGRESSIVE;
				CLANG_CXX_LANGUAGE_STANDARD = "gnu++0x";
				CLANG_CXX_LIBRARY = "libc++";
				CLANG_ENABLE_MODULES = YES;
				CLANG_ENABLE_OBJC_ARC = YES;
				CLANG_WARN_BOOL_CONVERSION = YES;
				CLANG_WARN_CONSTANT_CONVERSION = YES;
				CLANG_WARN_DIRECT_OBJC_ISA_USAGE = YES_ERROR;
				CLANG_WARN_DOCUMENTATION_COMMENTS = YES;
				CLANG_WARN_EMPTY_BODY = YES;
				CLANG_WARN_ENUM_CONVERSION = YES;
				CLANG_WARN_INFINITE_RECURSION = YES;
				CLANG_WARN_INT_CONVERSION = YES;
				CLANG_WARN_OBJC_ROOT_CLASS = YES_ERROR;
				CLANG_WARN_SUSPICIOUS_MOVE = YES;
				CLANG_WARN_UNREACHABLE_CODE = YES;
				CLANG_WARN__DUPLICATE_METHOD_MATCH = YES;
				"CODE_SIGN_IDENTITY[sdk=iphoneos*]" = "iPhone Developer";
				COPY_PHASE_STRIP = NO;
				DEBUG_INFORMATION_FORMAT = "dwarf-with-dsym";
				ENABLE_NS_ASSERTIONS = NO;
				ENABLE_STRICT_OBJC_MSGSEND = YES;
				GCC_C_LANGUAGE_STANDARD = gnu99;
				GCC_NO_COMMON_BLOCKS = YES;
				GCC_WARN_64_TO_32_BIT_CONVERSION = YES;
				GCC_WARN_ABOUT_RETURN_TYPE = YES_ERROR;
				GCC_WARN_UNDECLARED_SELECTOR = YES;
				GCC_WARN_UNINITIALIZED_AUTOS = YES_AGGRESSIVE;
				GCC_WARN_UNUSED_FUNCTION = YES;
				GCC_WARN_UNUSED_VARIABLE = YES;
				IPHONEOS_DEPLOYMENT_TARGET = 10.3;
				MTL_ENABLE_DEBUG_INFO = NO;
				SDKROOT = iphoneos;
				SWIFT_OPTIMIZATION_LEVEL = "-Owholemodule";
				TARGETED_DEVICE_FAMILY = "1,2";
				VALIDATE_PRODUCT = YES;
			};
			name = Release;
		};
		D3B645691EBCDE34005079F7 /* Debug */ = {
			isa = XCBuildConfiguration;
			buildSettings = {
				ASSETCATALOG_COMPILER_APPICON_NAME = AppIcon;
				INFOPLIST_FILE = DestroyTheWorld/Info.plist;
				LD_RUNPATH_SEARCH_PATHS = "$(inherited) @executable_path/Frameworks";
				PRODUCT_BUNDLE_IDENTIFIER = jimmy.DestroyTheWorld;
				PRODUCT_NAME = "$(TARGET_NAME)";
				SWIFT_VERSION = 3.0;
			};
			name = Debug;
		};
		D3B6456A1EBCDE34005079F7 /* Release */ = {
			isa = XCBuildConfiguration;
			buildSettings = {
				ASSETCATALOG_COMPILER_APPICON_NAME = AppIcon;
				INFOPLIST_FILE = DestroyTheWorld/Info.plist;
				LD_RUNPATH_SEARCH_PATHS = "$(inherited) @executable_path/Frameworks";
				PRODUCT_BUNDLE_IDENTIFIER = jimmy.DestroyTheWorld;
				PRODUCT_NAME = "$(TARGET_NAME)";
				SWIFT_VERSION = 3.0;
			};
			name = Release;
		};
		D3B6456C1EBCDE34005079F7 /* Debug */ = {
			isa = XCBuildConfiguration;
			buildSettings = {
				ALWAYS_EMBED_SWIFT_STANDARD_LIBRARIES = YES;
				BUNDLE_LOADER = "$(TEST_HOST)";
				INFOPLIST_FILE = DestroyTheWorldTests/Info.plist;
				LD_RUNPATH_SEARCH_PATHS = "$(inherited) @executable_path/Frameworks @loader_path/Frameworks";
				PRODUCT_BUNDLE_IDENTIFIER = jimmy.DestroyTheWorldTests;
				PRODUCT_NAME = "$(TARGET_NAME)";
				SWIFT_VERSION = 3.0;
				TEST_HOST = "$(BUILT_PRODUCTS_DIR)/DestroyTheWorld.app/DestroyTheWorld";
			};
			name = Debug;
		};
		D3B6456D1EBCDE34005079F7 /* Release */ = {
			isa = XCBuildConfiguration;
			buildSettings = {
				ALWAYS_EMBED_SWIFT_STANDARD_LIBRARIES = YES;
				BUNDLE_LOADER = "$(TEST_HOST)";
				INFOPLIST_FILE = DestroyTheWorldTests/Info.plist;
				LD_RUNPATH_SEARCH_PATHS = "$(inherited) @executable_path/Frameworks @loader_path/Frameworks";
				PRODUCT_BUNDLE_IDENTIFIER = jimmy.DestroyTheWorldTests;
				PRODUCT_NAME = "$(TARGET_NAME)";
				SWIFT_VERSION = 3.0;
				TEST_HOST = "$(BUILT_PRODUCTS_DIR)/DestroyTheWorld.app/DestroyTheWorld";
			};
			name = Release;
		};
		D3B6456F1EBCDE34005079F7 /* Debug */ = {
			isa = XCBuildConfiguration;
			buildSettings = {
				ALWAYS_EMBED_SWIFT_STANDARD_LIBRARIES = YES;
				INFOPLIST_FILE = DestroyTheWorldUITests/Info.plist;
				LD_RUNPATH_SEARCH_PATHS = "$(inherited) @executable_path/Frameworks @loader_path/Frameworks";
				PRODUCT_BUNDLE_IDENTIFIER = jimmy.DestroyTheWorldUITests;
				PRODUCT_NAME = "$(TARGET_NAME)";
				SWIFT_VERSION = 3.0;
				TEST_TARGET_NAME = DestroyTheWorld;
			};
			name = Debug;
		};
		D3B645701EBCDE34005079F7 /* Release */ = {
			isa = XCBuildConfiguration;
			buildSettings = {
				ALWAYS_EMBED_SWIFT_STANDARD_LIBRARIES = YES;
				INFOPLIST_FILE = DestroyTheWorldUITests/Info.plist;
				LD_RUNPATH_SEARCH_PATHS = "$(inherited) @executable_path/Frameworks @loader_path/Frameworks";
				PRODUCT_BUNDLE_IDENTIFIER = jimmy.DestroyTheWorldUITests;
				PRODUCT_NAME = "$(TARGET_NAME)";
				SWIFT_VERSION = 3.0;
				TEST_TARGET_NAME = DestroyTheWorld;
			};
			name = Release;
		};
/* End XCBuildConfiguration section */

/* Begin XCConfigurationList section */
		D3B6453B1EBCDE34005079F7 /* Build configuration list for PBXProject "DestroyTheWorld" */ = {
			isa = XCConfigurationList;
			buildConfigurations = (
				D3B645661EBCDE34005079F7 /* Debug */,
				D3B645671EBCDE34005079F7 /* Release */,
			);
			defaultConfigurationIsVisible = 0;
			defaultConfigurationName = Release;
		};
		D3B645681EBCDE34005079F7 /* Build configuration list for PBXNativeTarget "DestroyTheWorld" */ = {
			isa = XCConfigurationList;
			buildConfigurations = (
				D3B645691EBCDE34005079F7 /* Debug */,
				D3B6456A1EBCDE34005079F7 /* Release */,
			);
			defaultConfigurationIsVisible = 0;
		};
		D3B6456B1EBCDE34005079F7 /* Build configuration list for PBXNativeTarget "DestroyTheWorldTests" */ = {
			isa = XCConfigurationList;
			buildConfigurations = (
				D3B6456C1EBCDE34005079F7 /* Debug */,
				D3B6456D1EBCDE34005079F7 /* Release */,
			);
			defaultConfigurationIsVisible = 0;
		};
		D3B6456E1EBCDE34005079F7 /* Build configuration list for PBXNativeTarget "DestroyTheWorldUITests" */ = {
			isa = XCConfigurationList;
			buildConfigurations = (
				D3B6456F1EBCDE34005079F7 /* Debug */,
				D3B645701EBCDE34005079F7 /* Release */,
			);
			defaultConfigurationIsVisible = 0;
		};
/* End XCConfigurationList section */
	};
	rootObject = D3B645381EBCDE34005079F7 /* Project object */;
}
